
Microsoft Visual Studio Solution File, Format Version 10.00
# Visual Studio 2008
Project("{FAE04EC0-301F-11D3-BF4B-00C04F79EFBC}") = "MP3DecodeStream", "MP3DecodeStream.csproj", "{2AF3085C-A8DB-47C8-B370-31E6CF1D0546}"
EndProject
Project("{2150E333-8FDC-42A3-9474-1A3956D46DE8}") = "BasicInfo", "BasicInfo", "{5BD1B9A5-329B-4473-AB1D-80CBE2DC8029}"
	ProjectSection(SolutionItems) = preProject
		..\.gitignore = ..\.gitignore
		..\README.md = ..\README.md
	EndProjectSection
EndProject
Global
	GlobalSection(SolutionConfigurationPlatforms) = preSolution
		Debug|Any CPU = Debug|Any CPU
		Release|Any CPU = Release|Any CPU
	EndGlobalSection
	GlobalSection(ProjectConfigurationPlatforms) = postSolution
		{2AF3085C-A8DB-47C8-B370-31E6CF1D0546}.Debug|Any CPU.ActiveCfg = Debug|Any CPU
		{2AF3085C-A8DB-47C8-B370-31E6CF1D0546}.Debug|Any CPU.Build.0 = Debug|Any CPU
		{2AF3085C-A8DB-47C8-B370-31E6CF1D0546}.Release|Any CPU.ActiveCfg = Release|Any CPU
		{2AF3085C-A8DB-47C8-B370-31E6CF1D0546}.Release|Any CPU.Build.0 = Release|Any CPU
	EndGlobalSection
	GlobalSection(SolutionProperties) = preSolution
		HideSolutionNode = FALSE
	EndGlobalSection
EndGlobal
